
Microsoft Visual Studio Solution File, Format Version 12.00
# Visual Studio 15
VisualStudioVersion = 15.0.28307.572
MinimumVisualStudioVersion = 10.0.40219.1
Project("{FAE04EC0-301F-11D3-BF4B-00C04F79EFBC}") = "DoDo", "DoDo\DoDo.csproj", "{5CA68094-CB43-4330-8B0E-470A80FC1AF5}"
EndProject
Project("{FAE04EC0-301F-11D3-BF4B-00C04F79EFBC}") = "SelfHost", "PushPollService\ServiceHost\SelfHost.csproj", "{A008FF3C-2577-4254-87B0-5A56833F432D}"
EndProject
Project("{FAE04EC0-301F-11D3-BF4B-00C04F79EFBC}") = "PushPollService", "PushPollService\PushPollService\PushPollService.csproj", "{1729F042-5BA1-401C-8448-5C9025E479A1}"
EndProject
Project("{FAE04EC0-301F-11D3-BF4B-00C04F79EFBC}") = "WebApplication1", "WebApplication1\WebApplication1.csproj", "{692C03EC-4C76-4726-AA46-D369D49DC9B8}"
EndProject
Global
	GlobalSection(SolutionConfigurationPlatforms) = preSolution
		Debug|Any CPU = Debug|Any CPU
		Release|Any CPU = Release|Any CPU
	EndGlobalSection
	GlobalSection(ProjectConfigurationPlatforms) = postSolution
		{5CA68094-CB43-4330-8B0E-470A80FC1AF5}.Debug|Any CPU.ActiveCfg = Debug|Any CPU
		{5CA68094-CB43-4330-8B0E-470A80FC1AF5}.Debug|Any CPU.Build.0 = Debug|Any CPU
		{5CA68094-CB43-4330-8B0E-470A80FC1AF5}.Release|Any CPU.ActiveCfg = Release|Any CPU
		{5CA68094-CB43-4330-8B0E-470A80FC1AF5}.Release|Any CPU.Build.0 = Release|Any CPU
		{A008FF3C-2577-4254-87B0-5A56833F432D}.Debug|Any CPU.ActiveCfg = Debug|Any CPU
		{A008FF3C-2577-4254-87B0-5A56833F432D}.Debug|Any CPU.Build.0 = Debug|Any CPU
		{A008FF3C-2577-4254-87B0-5A56833F432D}.Release|Any CPU.ActiveCfg = Release|Any CPU
		{A008FF3C-2577-4254-87B0-5A56833F432D}.Release|Any CPU.Build.0 = Release|Any CPU
		{1729F042-5BA1-401C-8448-5C9025E479A1}.Debug|Any CPU.ActiveCfg = Debug|Any CPU
		{1729F042-5BA1-401C-8448-5C9025E479A1}.Debug|Any CPU.Build.0 = Debug|Any CPU
		{1729F042-5BA1-401C-8448-5C9025E479A1}.Release|Any CPU.ActiveCfg = Release|Any CPU
		{1729F042-5BA1-401C-8448-5C9025E479A1}.Release|Any CPU.Build.0 = Release|Any CPU
		{692C03EC-4C76-4726-AA46-D369D49DC9B8}.Debug|Any CPU.ActiveCfg = Debug|Any CPU
		{692C03EC-4C76-4726-AA46-D369D49DC9B8}.Debug|Any CPU.Build.0 = Debug|Any CPU
		{692C03EC-4C76-4726-AA46-D369D49DC9B8}.Release|Any CPU.ActiveCfg = Release|Any CPU
		{692C03EC-4C76-4726-AA46-D369D49DC9B8}.Release|Any CPU.Build.0 = Release|Any CPU
	EndGlobalSection
	GlobalSection(SolutionProperties) = preSolution
		HideSolutionNode = FALSE
	EndGlobalSection
	GlobalSection(ExtensibilityGlobals) = postSolution
		SolutionGuid = {1C687101-6C00-4123-BC3E-07923A032F1A}
	EndGlobalSection
EndGlobal
