
Microsoft Visual Studio Solution File, Format Version 12.00
# Visual Studio 15
VisualStudioVersion = 15.0.28307.572
MinimumVisualStudioVersion = 10.0.40219.1
Project("{FAE04EC0-301F-11D3-BF4B-00C04F79EFBC}") = "DoDo", "DoDo\DoDo.csproj", "{5CA68094-CB43-4330-8B0E-470A80FC1AF5}"
EndProject
Project("{FAE04EC0-301F-11D3-BF4B-00C04F79EFBC}") = "WebApplication1", "WebApplication1\WebApplication1.csproj", "{692C03EC-4C76-4726-AA46-D369D49DC9B8}"
EndProject
Project("{FAE04EC0-301F-11D3-BF4B-00C04F79EFBC}") = "IISHost", "IISHost\IISHost.csproj", "{D18B65F8-7F97-4A1E-9C7A-94C53B7CDE7F}"
EndProject
Project("{FAE04EC0-301F-11D3-BF4B-00C04F79EFBC}") = "Host Service", "Host Service\Host Service.csproj", "{32D488B2-907F-400D-8E94-10782E42FE80}"
EndProject
Global
	GlobalSection(SolutionConfigurationPlatforms) = preSolution
		Debug|Any CPU = Debug|Any CPU
		Release|Any CPU = Release|Any CPU
	EndGlobalSection
	GlobalSection(ProjectConfigurationPlatforms) = postSolution
		{5CA68094-CB43-4330-8B0E-470A80FC1AF5}.Debug|Any CPU.ActiveCfg = Debug|Any CPU
		{5CA68094-CB43-4330-8B0E-470A80FC1AF5}.Debug|Any CPU.Build.0 = Debug|Any CPU
		{5CA68094-CB43-4330-8B0E-470A80FC1AF5}.Release|Any CPU.ActiveCfg = Release|Any CPU
		{5CA68094-CB43-4330-8B0E-470A80FC1AF5}.Release|Any CPU.Build.0 = Release|Any CPU
		{692C03EC-4C76-4726-AA46-D369D49DC9B8}.Debug|Any CPU.ActiveCfg = Debug|Any CPU
		{692C03EC-4C76-4726-AA46-D369D49DC9B8}.Debug|Any CPU.Build.0 = Debug|Any CPU
		{692C03EC-4C76-4726-AA46-D369D49DC9B8}.Release|Any CPU.ActiveCfg = Release|Any CPU
		{692C03EC-4C76-4726-AA46-D369D49DC9B8}.Release|Any CPU.Build.0 = Release|Any CPU
		{D18B65F8-7F97-4A1E-9C7A-94C53B7CDE7F}.Debug|Any CPU.ActiveCfg = Debug|Any CPU
		{D18B65F8-7F97-4A1E-9C7A-94C53B7CDE7F}.Debug|Any CPU.Build.0 = Debug|Any CPU
		{D18B65F8-7F97-4A1E-9C7A-94C53B7CDE7F}.Release|Any CPU.ActiveCfg = Release|Any CPU
		{D18B65F8-7F97-4A1E-9C7A-94C53B7CDE7F}.Release|Any CPU.Build.0 = Release|Any CPU
		{32D488B2-907F-400D-8E94-10782E42FE80}.Debug|Any CPU.ActiveCfg = Debug|Any CPU
		{32D488B2-907F-400D-8E94-10782E42FE80}.Debug|Any CPU.Build.0 = Debug|Any CPU
		{32D488B2-907F-400D-8E94-10782E42FE80}.Release|Any CPU.ActiveCfg = Release|Any CPU
		{32D488B2-907F-400D-8E94-10782E42FE80}.Release|Any CPU.Build.0 = Release|Any CPU
	EndGlobalSection
	GlobalSection(SolutionProperties) = preSolution
		HideSolutionNode = FALSE
	EndGlobalSection
	GlobalSection(ExtensibilityGlobals) = postSolution
		SolutionGuid = {1C687101-6C00-4123-BC3E-07923A032F1A}
	EndGlobalSection
EndGlobal
